
Microsoft Visual Studio Solution File, Format Version 12.00
# Visual Studio 15
Project("{FAE04EC0-301F-11D3-BF4B-00C04F79EFBC}") = "UnityEngine.TestRunner", "UnityEngine.TestRunner.csproj", "{07B6B65D-607F-3558-C50D-54E3D070DA00}"
EndProject
Project("{FAE04EC0-301F-11D3-BF4B-00C04F79EFBC}") = "UnityEngine.UI", "UnityEngine.UI.csproj", "{01BD7212-276B-4A13-D1E8-E21A25B5CF0B}"
EndProject
Project("{FAE04EC0-301F-11D3-BF4B-00C04F79EFBC}") = "Unity.VisualScripting.Flow", "Unity.VisualScripting.Flow.csproj", "{FDE4DB24-CF91-934B-A33F-D1F3F6687C23}"
EndProject
Project("{FAE04EC0-301F-11D3-BF4B-00C04F79EFBC}") = "Unity.VisualScripting.State", "Unity.VisualScripting.State.csproj", "{07203481-232D-BDD2-F74C-519A8655D91F}"
EndProject
Project("{FAE04EC0-301F-11D3-BF4B-00C04F79EFBC}") = "Unity.VisualScripting.Core", "Unity.VisualScripting.Core.csproj", "{1525A4DE-4452-0CC3-1D08-9BAE013C8F91}"
EndProject
Project("{FAE04EC0-301F-11D3-BF4B-00C04F79EFBC}") = "Unity.TextMeshPro", "Unity.TextMeshPro.csproj", "{BBEECDAC-0B58-E56C-BFFC-1524CE492D59}"
EndProject
Project("{FAE04EC0-301F-11D3-BF4B-00C04F79EFBC}") = "Cinemachine", "Cinemachine.csproj", "{8DA24997-AC41-D16D-4D00-B33E172F4E32}"
EndProject
Project("{FAE04EC0-301F-11D3-BF4B-00C04F79EFBC}") = "Unity.Timeline", "Unity.Timeline.csproj", "{85418D28-C174-0B6D-7795-FD6582ED7F26}"
EndProject
Project("{FAE04EC0-301F-11D3-BF4B-00C04F79EFBC}") = "Assembly-CSharp", "Assembly-CSharp.csproj", "{4A83BC03-8F1C-F782-EB6B-5FB961E6126A}"
EndProject
Project("{FAE04EC0-301F-11D3-BF4B-00C04F79EFBC}") = "Unity.PlasticSCM.Editor", "Unity.PlasticSCM.Editor.csproj", "{28D3FCFC-2179-3506-E393-1D07C45E65F1}"
EndProject
Project("{FAE04EC0-301F-11D3-BF4B-00C04F79EFBC}") = "Unity.VisualScripting.Core.Editor", "Unity.VisualScripting.Core.Editor.csproj", "{C7405B36-E7F9-805D-4775-845CB3F0C64A}"
EndProject
Project("{FAE04EC0-301F-11D3-BF4B-00C04F79EFBC}") = "Unity.VisualScripting.Flow.Editor", "Unity.VisualScripting.Flow.Editor.csproj", "{EC39504C-792D-FC50-F0BA-B676BF4E3680}"
EndProject
Project("{FAE04EC0-301F-11D3-BF4B-00C04F79EFBC}") = "Unity.VisualStudio.Editor", "Unity.VisualStudio.Editor.csproj", "{B1B1B052-931A-C122-6364-A5AC82970163}"
EndProject
Project("{FAE04EC0-301F-11D3-BF4B-00C04F79EFBC}") = "Unity.Timeline.Editor", "Unity.Timeline.Editor.csproj", "{8A6E13CF-AF02-7C8D-CFE4-F77AADFF9292}"
EndProject
Project("{FAE04EC0-301F-11D3-BF4B-00C04F79EFBC}") = "com.unity.cinemachine.editor", "com.unity.cinemachine.editor.csproj", "{FAE6D923-9300-4B56-0FAF-63558837815A}"
EndProject
Project("{FAE04EC0-301F-11D3-BF4B-00C04F79EFBC}") = "Unity.VisualScripting.State.Editor", "Unity.VisualScripting.State.Editor.csproj", "{90DEFDA2-DA32-B1F5-9338-8FB70A7E045D}"
EndProject
Project("{FAE04EC0-301F-11D3-BF4B-00C04F79EFBC}") = "Unity.TextMeshPro.Editor", "Unity.TextMeshPro.Editor.csproj", "{F9490F62-2EB3-448A-0C82-C200C0BBB060}"
EndProject
Project("{FAE04EC0-301F-11D3-BF4B-00C04F79EFBC}") = "Unity.VisualScripting.SettingsProvider.Editor", "Unity.VisualScripting.SettingsProvider.Editor.csproj", "{330D26C4-9467-EB32-4660-D004F617FDA3}"
EndProject
Project("{FAE04EC0-301F-11D3-BF4B-00C04F79EFBC}") = "Unity.CollabProxy.Editor", "Unity.CollabProxy.Editor.csproj", "{36CA5063-F853-0C40-7D4A-F9280C90C036}"
EndProject
Project("{FAE04EC0-301F-11D3-BF4B-00C04F79EFBC}") = "UnityEditor.TestRunner", "UnityEditor.TestRunner.csproj", "{731FA4DE-205A-F6AD-F147-CFFAEE705261}"
EndProject
Project("{FAE04EC0-301F-11D3-BF4B-00C04F79EFBC}") = "Unity.TestTools.CodeCoverage.Editor", "Unity.TestTools.CodeCoverage.Editor.csproj", "{A2E44E7D-16EE-D153-75C7-66F79AB5D558}"
EndProject
Project("{FAE04EC0-301F-11D3-BF4B-00C04F79EFBC}") = "Unity.Rider.Editor", "Unity.Rider.Editor.csproj", "{0A5E624A-A854-49BC-FD6A-F4B552C278B9}"
EndProject
Project("{FAE04EC0-301F-11D3-BF4B-00C04F79EFBC}") = "Unity.Services.Core.Editor", "Unity.Services.Core.Editor.csproj", "{5EADD977-CF34-AB8F-83B0-FAB520C23FBE}"
EndProject
Project("{FAE04EC0-301F-11D3-BF4B-00C04F79EFBC}") = "Unity.Performance.Profile-Analyzer.Editor", "Unity.Performance.Profile-Analyzer.Editor.csproj", "{42B4F90C-BAD2-808E-F521-4CC6A3E64225}"
EndProject
Project("{FAE04EC0-301F-11D3-BF4B-00C04F79EFBC}") = "Unity.VSCode.Editor", "Unity.VSCode.Editor.csproj", "{A0E1DEA7-511A-DC56-3654-847B309BF6AE}"
EndProject
Project("{FAE04EC0-301F-11D3-BF4B-00C04F79EFBC}") = "UnityEditor.UI", "UnityEditor.UI.csproj", "{7AF24209-A306-6C09-DE27-33AD5E6B0BEB}"
EndProject
Project("{FAE04EC0-301F-11D3-BF4B-00C04F79EFBC}") = "Unity.TestTools.CodeCoverage.Editor.OpenCover.Model", "Unity.TestTools.CodeCoverage.Editor.OpenCover.Model.csproj", "{0B7504E3-BF69-CC3A-BB1D-0DC29D334AC7}"
EndProject
Project("{FAE04EC0-301F-11D3-BF4B-00C04F79EFBC}") = "Unity.EditorCoroutines.Editor", "Unity.EditorCoroutines.Editor.csproj", "{4BBD087A-CC3F-F9D9-E662-6A2A945DFA28}"
EndProject
Project("{FAE04EC0-301F-11D3-BF4B-00C04F79EFBC}") = "Unity.Settings.Editor", "Unity.Settings.Editor.csproj", "{475EA095-99CF-DFD3-5B48-DBE21B38BB05}"
EndProject
Project("{FAE04EC0-301F-11D3-BF4B-00C04F79EFBC}") = "Unity.TestTools.CodeCoverage.Editor.OpenCover.Mono.Reflection", "Unity.TestTools.CodeCoverage.Editor.OpenCover.Mono.Reflection.csproj", "{239B7A40-7EB0-04C2-A166-E5FFE3D9E88E}"
EndProject
Project("{FAE04EC0-301F-11D3-BF4B-00C04F79EFBC}") = "Unity.VisualScripting.Shared.Editor", "Unity.VisualScripting.Shared.Editor.csproj", "{D6968B05-076B-1680-CF0B-8B2A3632ECEE}"
EndProject
Project("{FAE04EC0-301F-11D3-BF4B-00C04F79EFBC}") = "UnityEngine.TestRunner", "UnityEngine.TestRunner.Player.csproj", "{B0EE0095-E261-92EB-B1FA-51BFE9BE98D4}"
EndProject
Project("{FAE04EC0-301F-11D3-BF4B-00C04F79EFBC}") = "UnityEngine.UI", "UnityEngine.UI.Player.csproj", "{6CE68A1D-7E3A-5BF4-792D-B00207CC2DF7}"
EndProject
Project("{FAE04EC0-301F-11D3-BF4B-00C04F79EFBC}") = "Unity.VisualScripting.Flow", "Unity.VisualScripting.Flow.Player.csproj", "{C8D7725A-AC7F-C61A-C35D-31EEE3160D83}"
EndProject
Project("{FAE04EC0-301F-11D3-BF4B-00C04F79EFBC}") = "Unity.VisualScripting.State", "Unity.VisualScripting.State.Player.csproj", "{AFCC89FE-9A34-F6BD-35CF-8E122111ADC2}"
EndProject
Project("{FAE04EC0-301F-11D3-BF4B-00C04F79EFBC}") = "Unity.VisualScripting.Core", "Unity.VisualScripting.Core.Player.csproj", "{06042FA1-AA25-478D-BFA1-CA3C558B414C}"
EndProject
Project("{FAE04EC0-301F-11D3-BF4B-00C04F79EFBC}") = "Unity.TextMeshPro", "Unity.TextMeshPro.Player.csproj", "{EF83808F-385B-8C41-E96F-7B605D0BE531}"
EndProject
Project("{FAE04EC0-301F-11D3-BF4B-00C04F79EFBC}") = "Cinemachine", "Cinemachine.Player.csproj", "{BA7A5404-922B-5B20-9C59-284FEFAEA5B2}"
EndProject
Project("{FAE04EC0-301F-11D3-BF4B-00C04F79EFBC}") = "Unity.Timeline", "Unity.Timeline.Player.csproj", "{14357AEC-A343-25A7-204B-2B3734AEE05C}"
EndProject
Project("{FAE04EC0-301F-11D3-BF4B-00C04F79EFBC}") = "Assembly-CSharp", "Assembly-CSharp.Player.csproj", "{CF123B0B-E0B5-EE3F-AEFE-F0E58DBBEEEA}"
EndProject
Global
	GlobalSection(SolutionConfigurationPlatforms) = preSolution
		Debug|Any CPU = Debug|Any CPU
		Release|Any CPU = Release|Any CPU
	EndGlobalSection
	GlobalSection(ProjectConfigurationPlatforms) = postSolution
		{07B6B65D-607F-3558-C50D-54E3D070DA00}.Debug|Any CPU.ActiveCfg = Debug|Any CPU
		{07B6B65D-607F-3558-C50D-54E3D070DA00}.Debug|Any CPU.Build.0 = Debug|Any CPU
		{07B6B65D-607F-3558-C50D-54E3D070DA00}.Release|Any CPU.ActiveCfg = Release|Any CPU
		{07B6B65D-607F-3558-C50D-54E3D070DA00}.Release|Any CPU.Build.0 = Release|Any CPU
		{01BD7212-276B-4A13-D1E8-E21A25B5CF0B}.Debug|Any CPU.ActiveCfg = Debug|Any CPU
		{01BD7212-276B-4A13-D1E8-E21A25B5CF0B}.Debug|Any CPU.Build.0 = Debug|Any CPU
		{01BD7212-276B-4A13-D1E8-E21A25B5CF0B}.Release|Any CPU.ActiveCfg = Release|Any CPU
		{01BD7212-276B-4A13-D1E8-E21A25B5CF0B}.Release|Any CPU.Build.0 = Release|Any CPU
		{FDE4DB24-CF91-934B-A33F-D1F3F6687C23}.Debug|Any CPU.ActiveCfg = Debug|Any CPU
		{FDE4DB24-CF91-934B-A33F-D1F3F6687C23}.Debug|Any CPU.Build.0 = Debug|Any CPU
		{FDE4DB24-CF91-934B-A33F-D1F3F6687C23}.Release|Any CPU.ActiveCfg = Release|Any CPU
		{FDE4DB24-CF91-934B-A33F-D1F3F6687C23}.Release|Any CPU.Build.0 = Release|Any CPU
		{07203481-232D-BDD2-F74C-519A8655D91F}.Debug|Any CPU.ActiveCfg = Debug|Any CPU
		{07203481-232D-BDD2-F74C-519A8655D91F}.Debug|Any CPU.Build.0 = Debug|Any CPU
		{07203481-232D-BDD2-F74C-519A8655D91F}.Release|Any CPU.ActiveCfg = Release|Any CPU
		{07203481-232D-BDD2-F74C-519A8655D91F}.Release|Any CPU.Build.0 = Release|Any CPU
		{1525A4DE-4452-0CC3-1D08-9BAE013C8F91}.Debug|Any CPU.ActiveCfg = Debug|Any CPU
		{1525A4DE-4452-0CC3-1D08-9BAE013C8F91}.Debug|Any CPU.Build.0 = Debug|Any CPU
		{1525A4DE-4452-0CC3-1D08-9BAE013C8F91}.Release|Any CPU.ActiveCfg = Release|Any CPU
		{1525A4DE-4452-0CC3-1D08-9BAE013C8F91}.Release|Any CPU.Build.0 = Release|Any CPU
		{BBEECDAC-0B58-E56C-BFFC-1524CE492D59}.Debug|Any CPU.ActiveCfg = Debug|Any CPU
		{BBEECDAC-0B58-E56C-BFFC-1524CE492D59}.Debug|Any CPU.Build.0 = Debug|Any CPU
		{BBEECDAC-0B58-E56C-BFFC-1524CE492D59}.Release|Any CPU.ActiveCfg = Release|Any CPU
		{BBEECDAC-0B58-E56C-BFFC-1524CE492D59}.Release|Any CPU.Build.0 = Release|Any CPU
		{8DA24997-AC41-D16D-4D00-B33E172F4E32}.Debug|Any CPU.ActiveCfg = Debug|Any CPU
		{8DA24997-AC41-D16D-4D00-B33E172F4E32}.Debug|Any CPU.Build.0 = Debug|Any CPU
		{8DA24997-AC41-D16D-4D00-B33E172F4E32}.Release|Any CPU.ActiveCfg = Release|Any CPU
		{8DA24997-AC41-D16D-4D00-B33E172F4E32}.Release|Any CPU.Build.0 = Release|Any CPU
		{85418D28-C174-0B6D-7795-FD6582ED7F26}.Debug|Any CPU.ActiveCfg = Debug|Any CPU
		{85418D28-C174-0B6D-7795-FD6582ED7F26}.Debug|Any CPU.Build.0 = Debug|Any CPU
		{85418D28-C174-0B6D-7795-FD6582ED7F26}.Release|Any CPU.ActiveCfg = Release|Any CPU
		{85418D28-C174-0B6D-7795-FD6582ED7F26}.Release|Any CPU.Build.0 = Release|Any CPU
		{4A83BC03-8F1C-F782-EB6B-5FB961E6126A}.Debug|Any CPU.ActiveCfg = Debug|Any CPU
		{4A83BC03-8F1C-F782-EB6B-5FB961E6126A}.Debug|Any CPU.Build.0 = Debug|Any CPU
		{4A83BC03-8F1C-F782-EB6B-5FB961E6126A}.Release|Any CPU.ActiveCfg = Release|Any CPU
		{4A83BC03-8F1C-F782-EB6B-5FB961E6126A}.Release|Any CPU.Build.0 = Release|Any CPU
		{28D3FCFC-2179-3506-E393-1D07C45E65F1}.Debug|Any CPU.ActiveCfg = Debug|Any CPU
		{28D3FCFC-2179-3506-E393-1D07C45E65F1}.Debug|Any CPU.Build.0 = Debug|Any CPU
		{28D3FCFC-2179-3506-E393-1D07C45E65F1}.Release|Any CPU.ActiveCfg = Release|Any CPU
		{28D3FCFC-2179-3506-E393-1D07C45E65F1}.Release|Any CPU.Build.0 = Release|Any CPU
		{C7405B36-E7F9-805D-4775-845CB3F0C64A}.Debug|Any CPU.ActiveCfg = Debug|Any CPU
		{C7405B36-E7F9-805D-4775-845CB3F0C64A}.Debug|Any CPU.Build.0 = Debug|Any CPU
		{C7405B36-E7F9-805D-4775-845CB3F0C64A}.Release|Any CPU.ActiveCfg = Release|Any CPU
		{C7405B36-E7F9-805D-4775-845CB3F0C64A}.Release|Any CPU.Build.0 = Release|Any CPU
		{EC39504C-792D-FC50-F0BA-B676BF4E3680}.Debug|Any CPU.ActiveCfg = Debug|Any CPU
		{EC39504C-792D-FC50-F0BA-B676BF4E3680}.Debug|Any CPU.Build.0 = Debug|Any CPU
		{EC39504C-792D-FC50-F0BA-B676BF4E3680}.Release|Any CPU.ActiveCfg = Release|Any CPU
		{EC39504C-792D-FC50-F0BA-B676BF4E3680}.Release|Any CPU.Build.0 = Release|Any CPU
		{B1B1B052-931A-C122-6364-A5AC82970163}.Debug|Any CPU.ActiveCfg = Debug|Any CPU
		{B1B1B052-931A-C122-6364-A5AC82970163}.Debug|Any CPU.Build.0 = Debug|Any CPU
		{B1B1B052-931A-C122-6364-A5AC82970163}.Release|Any CPU.ActiveCfg = Release|Any CPU
		{B1B1B052-931A-C122-6364-A5AC82970163}.Release|Any CPU.Build.0 = Release|Any CPU
		{8A6E13CF-AF02-7C8D-CFE4-F77AADFF9292}.Debug|Any CPU.ActiveCfg = Debug|Any CPU
		{8A6E13CF-AF02-7C8D-CFE4-F77AADFF9292}.Debug|Any CPU.Build.0 = Debug|Any CPU
		{8A6E13CF-AF02-7C8D-CFE4-F77AADFF9292}.Release|Any CPU.ActiveCfg = Release|Any CPU
		{8A6E13CF-AF02-7C8D-CFE4-F77AADFF9292}.Release|Any CPU.Build.0 = Release|Any CPU
		{FAE6D923-9300-4B56-0FAF-63558837815A}.Debug|Any CPU.ActiveCfg = Debug|Any CPU
		{FAE6D923-9300-4B56-0FAF-63558837815A}.Debug|Any CPU.Build.0 = Debug|Any CPU
		{FAE6D923-9300-4B56-0FAF-63558837815A}.Release|Any CPU.ActiveCfg = Release|Any CPU
		{FAE6D923-9300-4B56-0FAF-63558837815A}.Release|Any CPU.Build.0 = Release|Any CPU
		{90DEFDA2-DA32-B1F5-9338-8FB70A7E045D}.Debug|Any CPU.ActiveCfg = Debug|Any CPU
		{90DEFDA2-DA32-B1F5-9338-8FB70A7E045D}.Debug|Any CPU.Build.0 = Debug|Any CPU
		{90DEFDA2-DA32-B1F5-9338-8FB70A7E045D}.Release|Any CPU.ActiveCfg = Release|Any CPU
		{90DEFDA2-DA32-B1F5-9338-8FB70A7E045D}.Release|Any CPU.Build.0 = Release|Any CPU
		{F9490F62-2EB3-448A-0C82-C200C0BBB060}.Debug|Any CPU.ActiveCfg = Debug|Any CPU
		{F9490F62-2EB3-448A-0C82-C200C0BBB060}.Debug|Any CPU.Build.0 = Debug|Any CPU
		{F9490F62-2EB3-448A-0C82-C200C0BBB060}.Release|Any CPU.ActiveCfg = Release|Any CPU
		{F9490F62-2EB3-448A-0C82-C200C0BBB060}.Release|Any CPU.Build.0 = Release|Any CPU
		{330D26C4-9467-EB32-4660-D004F617FDA3}.Debug|Any CPU.ActiveCfg = Debug|Any CPU
		{330D26C4-9467-EB32-4660-D004F617FDA3}.Debug|Any CPU.Build.0 = Debug|Any CPU
		{330D26C4-9467-EB32-4660-D004F617FDA3}.Release|Any CPU.ActiveCfg = Release|Any CPU
		{330D26C4-9467-EB32-4660-D004F617FDA3}.Release|Any CPU.Build.0 = Release|Any CPU
		{36CA5063-F853-0C40-7D4A-F9280C90C036}.Debug|Any CPU.ActiveCfg = Debug|Any CPU
		{36CA5063-F853-0C40-7D4A-F9280C90C036}.Debug|Any CPU.Build.0 = Debug|Any CPU
		{36CA5063-F853-0C40-7D4A-F9280C90C036}.Release|Any CPU.ActiveCfg = Release|Any CPU
		{36CA5063-F853-0C40-7D4A-F9280C90C036}.Release|Any CPU.Build.0 = Release|Any CPU
		{731FA4DE-205A-F6AD-F147-CFFAEE705261}.Debug|Any CPU.ActiveCfg = Debug|Any CPU
		{731FA4DE-205A-F6AD-F147-CFFAEE705261}.Debug|Any CPU.Build.0 = Debug|Any CPU
		{731FA4DE-205A-F6AD-F147-CFFAEE705261}.Release|Any CPU.ActiveCfg = Release|Any CPU
		{731FA4DE-205A-F6AD-F147-CFFAEE705261}.Release|Any CPU.Build.0 = Release|Any CPU
		{A2E44E7D-16EE-D153-75C7-66F79AB5D558}.Debug|Any CPU.ActiveCfg = Debug|Any CPU
		{A2E44E7D-16EE-D153-75C7-66F79AB5D558}.Debug|Any CPU.Build.0 = Debug|Any CPU
		{A2E44E7D-16EE-D153-75C7-66F79AB5D558}.Release|Any CPU.ActiveCfg = Release|Any CPU
		{A2E44E7D-16EE-D153-75C7-66F79AB5D558}.Release|Any CPU.Build.0 = Release|Any CPU
		{0A5E624A-A854-49BC-FD6A-F4B552C278B9}.Debug|Any CPU.ActiveCfg = Debug|Any CPU
		{0A5E624A-A854-49BC-FD6A-F4B552C278B9}.Debug|Any CPU.Build.0 = Debug|Any CPU
		{0A5E624A-A854-49BC-FD6A-F4B552C278B9}.Release|Any CPU.ActiveCfg = Release|Any CPU
		{0A5E624A-A854-49BC-FD6A-F4B552C278B9}.Release|Any CPU.Build.0 = Release|Any CPU
		{5EADD977-CF34-AB8F-83B0-FAB520C23FBE}.Debug|Any CPU.ActiveCfg = Debug|Any CPU
		{5EADD977-CF34-AB8F-83B0-FAB520C23FBE}.Debug|Any CPU.Build.0 = Debug|Any CPU
		{5EADD977-CF34-AB8F-83B0-FAB520C23FBE}.Release|Any CPU.ActiveCfg = Release|Any CPU
		{5EADD977-CF34-AB8F-83B0-FAB520C23FBE}.Release|Any CPU.Build.0 = Release|Any CPU
		{42B4F90C-BAD2-808E-F521-4CC6A3E64225}.Debug|Any CPU.ActiveCfg = Debug|Any CPU
		{42B4F90C-BAD2-808E-F521-4CC6A3E64225}.Debug|Any CPU.Build.0 = Debug|Any CPU
		{42B4F90C-BAD2-808E-F521-4CC6A3E64225}.Release|Any CPU.ActiveCfg = Release|Any CPU
		{42B4F90C-BAD2-808E-F521-4CC6A3E64225}.Release|Any CPU.Build.0 = Release|Any CPU
		{A0E1DEA7-511A-DC56-3654-847B309BF6AE}.Debug|Any CPU.ActiveCfg = Debug|Any CPU
		{A0E1DEA7-511A-DC56-3654-847B309BF6AE}.Debug|Any CPU.Build.0 = Debug|Any CPU
		{A0E1DEA7-511A-DC56-3654-847B309BF6AE}.Release|Any CPU.ActiveCfg = Release|Any CPU
		{A0E1DEA7-511A-DC56-3654-847B309BF6AE}.Release|Any CPU.Build.0 = Release|Any CPU
		{7AF24209-A306-6C09-DE27-33AD5E6B0BEB}.Debug|Any CPU.ActiveCfg = Debug|Any CPU
		{7AF24209-A306-6C09-DE27-33AD5E6B0BEB}.Debug|Any CPU.Build.0 = Debug|Any CPU
		{7AF24209-A306-6C09-DE27-33AD5E6B0BEB}.Release|Any CPU.ActiveCfg = Release|Any CPU
		{7AF24209-A306-6C09-DE27-33AD5E6B0BEB}.Release|Any CPU.Build.0 = Release|Any CPU
		{0B7504E3-BF69-CC3A-BB1D-0DC29D334AC7}.Debug|Any CPU.ActiveCfg = Debug|Any CPU
		{0B7504E3-BF69-CC3A-BB1D-0DC29D334AC7}.Debug|Any CPU.Build.0 = Debug|Any CPU
		{0B7504E3-BF69-CC3A-BB1D-0DC29D334AC7}.Release|Any CPU.ActiveCfg = Release|Any CPU
		{0B7504E3-BF69-CC3A-BB1D-0DC29D334AC7}.Release|Any CPU.Build.0 = Release|Any CPU
		{4BBD087A-CC3F-F9D9-E662-6A2A945DFA28}.Debug|Any CPU.ActiveCfg = Debug|Any CPU
		{4BBD087A-CC3F-F9D9-E662-6A2A945DFA28}.Debug|Any CPU.Build.0 = Debug|Any CPU
		{4BBD087A-CC3F-F9D9-E662-6A2A945DFA28}.Release|Any CPU.ActiveCfg = Release|Any CPU
		{4BBD087A-CC3F-F9D9-E662-6A2A945DFA28}.Release|Any CPU.Build.0 = Release|Any CPU
		{475EA095-99CF-DFD3-5B48-DBE21B38BB05}.Debug|Any CPU.ActiveCfg = Debug|Any CPU
		{475EA095-99CF-DFD3-5B48-DBE21B38BB05}.Debug|Any CPU.Build.0 = Debug|Any CPU
		{475EA095-99CF-DFD3-5B48-DBE21B38BB05}.Release|Any CPU.ActiveCfg = Release|Any CPU
		{475EA095-99CF-DFD3-5B48-DBE21B38BB05}.Release|Any CPU.Build.0 = Release|Any CPU
		{239B7A40-7EB0-04C2-A166-E5FFE3D9E88E}.Debug|Any CPU.ActiveCfg = Debug|Any CPU
		{239B7A40-7EB0-04C2-A166-E5FFE3D9E88E}.Debug|Any CPU.Build.0 = Debug|Any CPU
		{239B7A40-7EB0-04C2-A166-E5FFE3D9E88E}.Release|Any CPU.ActiveCfg = Release|Any CPU
		{239B7A40-7EB0-04C2-A166-E5FFE3D9E88E}.Release|Any CPU.Build.0 = Release|Any CPU
		{D6968B05-076B-1680-CF0B-8B2A3632ECEE}.Debug|Any CPU.ActiveCfg = Debug|Any CPU
		{D6968B05-076B-1680-CF0B-8B2A3632ECEE}.Debug|Any CPU.Build.0 = Debug|Any CPU
		{D6968B05-076B-1680-CF0B-8B2A3632ECEE}.Release|Any CPU.ActiveCfg = Release|Any CPU
		{D6968B05-076B-1680-CF0B-8B2A3632ECEE}.Release|Any CPU.Build.0 = Release|Any CPU
		{B0EE0095-E261-92EB-B1FA-51BFE9BE98D4}.Debug|Any CPU.ActiveCfg = Debug|Any CPU
		{B0EE0095-E261-92EB-B1FA-51BFE9BE98D4}.Debug|Any CPU.Build.0 = Debug|Any CPU
		{B0EE0095-E261-92EB-B1FA-51BFE9BE98D4}.Release|Any CPU.ActiveCfg = Release|Any CPU
		{B0EE0095-E261-92EB-B1FA-51BFE9BE98D4}.Release|Any CPU.Build.0 = Release|Any CPU
		{6CE68A1D-7E3A-5BF4-792D-B00207CC2DF7}.Debug|Any CPU.ActiveCfg = Debug|Any CPU
		{6CE68A1D-7E3A-5BF4-792D-B00207CC2DF7}.Debug|Any CPU.Build.0 = Debug|Any CPU
		{6CE68A1D-7E3A-5BF4-792D-B00207CC2DF7}.Release|Any CPU.ActiveCfg = Release|Any CPU
		{6CE68A1D-7E3A-5BF4-792D-B00207CC2DF7}.Release|Any CPU.Build.0 = Release|Any CPU
		{C8D7725A-AC7F-C61A-C35D-31EEE3160D83}.Debug|Any CPU.ActiveCfg = Debug|Any CPU
		{C8D7725A-AC7F-C61A-C35D-31EEE3160D83}.Debug|Any CPU.Build.0 = Debug|Any CPU
		{C8D7725A-AC7F-C61A-C35D-31EEE3160D83}.Release|Any CPU.ActiveCfg = Release|Any CPU
		{C8D7725A-AC7F-C61A-C35D-31EEE3160D83}.Release|Any CPU.Build.0 = Release|Any CPU
		{AFCC89FE-9A34-F6BD-35CF-8E122111ADC2}.Debug|Any CPU.ActiveCfg = Debug|Any CPU
		{AFCC89FE-9A34-F6BD-35CF-8E122111ADC2}.Debug|Any CPU.Build.0 = Debug|Any CPU
		{AFCC89FE-9A34-F6BD-35CF-8E122111ADC2}.Release|Any CPU.ActiveCfg = Release|Any CPU
		{AFCC89FE-9A34-F6BD-35CF-8E122111ADC2}.Release|Any CPU.Build.0 = Release|Any CPU
		{06042FA1-AA25-478D-BFA1-CA3C558B414C}.Debug|Any CPU.ActiveCfg = Debug|Any CPU
		{06042FA1-AA25-478D-BFA1-CA3C558B414C}.Debug|Any CPU.Build.0 = Debug|Any CPU
		{06042FA1-AA25-478D-BFA1-CA3C558B414C}.Release|Any CPU.ActiveCfg = Release|Any CPU
		{06042FA1-AA25-478D-BFA1-CA3C558B414C}.Release|Any CPU.Build.0 = Release|Any CPU
		{EF83808F-385B-8C41-E96F-7B605D0BE531}.Debug|Any CPU.ActiveCfg = Debug|Any CPU
		{EF83808F-385B-8C41-E96F-7B605D0BE531}.Debug|Any CPU.Build.0 = Debug|Any CPU
		{EF83808F-385B-8C41-E96F-7B605D0BE531}.Release|Any CPU.ActiveCfg = Release|Any CPU
		{EF83808F-385B-8C41-E96F-7B605D0BE531}.Release|Any CPU.Build.0 = Release|Any CPU
		{BA7A5404-922B-5B20-9C59-284FEFAEA5B2}.Debug|Any CPU.ActiveCfg = Debug|Any CPU
		{BA7A5404-922B-5B20-9C59-284FEFAEA5B2}.Debug|Any CPU.Build.0 = Debug|Any CPU
		{BA7A5404-922B-5B20-9C59-284FEFAEA5B2}.Release|Any CPU.ActiveCfg = Release|Any CPU
		{BA7A5404-922B-5B20-9C59-284FEFAEA5B2}.Release|Any CPU.Build.0 = Release|Any CPU
		{14357AEC-A343-25A7-204B-2B3734AEE05C}.Debug|Any CPU.ActiveCfg = Debug|Any CPU
		{14357AEC-A343-25A7-204B-2B3734AEE05C}.Debug|Any CPU.Build.0 = Debug|Any CPU
		{14357AEC-A343-25A7-204B-2B3734AEE05C}.Release|Any CPU.ActiveCfg = Release|Any CPU
		{14357AEC-A343-25A7-204B-2B3734AEE05C}.Release|Any CPU.Build.0 = Release|Any CPU
		{CF123B0B-E0B5-EE3F-AEFE-F0E58DBBEEEA}.Debug|Any CPU.ActiveCfg = Debug|Any CPU
		{CF123B0B-E0B5-EE3F-AEFE-F0E58DBBEEEA}.Debug|Any CPU.Build.0 = Debug|Any CPU
		{CF123B0B-E0B5-EE3F-AEFE-F0E58DBBEEEA}.Release|Any CPU.ActiveCfg = Release|Any CPU
		{CF123B0B-E0B5-EE3F-AEFE-F0E58DBBEEEA}.Release|Any CPU.Build.0 = Release|Any CPU
	EndGlobalSection
	GlobalSection(SolutionProperties) = preSolution
		HideSolutionNode = FALSE
	EndGlobalSection
EndGlobal
